
Microsoft Visual Studio Solution File, Format Version 12.00
# Visual Studio 15
VisualStudioVersion = 15.0.26430.16
MinimumVisualStudioVersion = 10.0.40219.1
Project("{8BC9CEB8-8B4A-11D0-8D11-00A0C91BC942}") = "mujs", "mujs\mujs.vcxproj", "{4F039DFD-DD30-4CB0-BC89-7A9BE1B7B706}"
EndProject
Project("{8BC9CEB8-8B4A-11D0-8D11-00A0C91BC942}") = "ConsoleApplication1", "ConsoleApplication1\ConsoleApplication1.vcxproj", "{DD1A8DF7-238E-4392-B530-96BEC3385736}"
EndProject
Global
	GlobalSection(SolutionConfigurationPlatforms) = preSolution
		Debug|x64 = Debug|x64
		Debug|x86 = Debug|x86
		Release|x64 = Release|x64
		Release|x86 = Release|x86
	EndGlobalSection
	GlobalSection(ProjectConfigurationPlatforms) = postSolution
		{4F039DFD-DD30-4CB0-BC89-7A9BE1B7B706}.Debug|x64.ActiveCfg = Debug|x64
		{4F039DFD-DD30-4CB0-BC89-7A9BE1B7B706}.Debug|x64.Build.0 = Debug|x64
		{4F039DFD-DD30-4CB0-BC89-7A9BE1B7B706}.Debug|x86.ActiveCfg = Debug|Win32
		{4F039DFD-DD30-4CB0-BC89-7A9BE1B7B706}.Debug|x86.Build.0 = Debug|Win32
		{4F039DFD-DD30-4CB0-BC89-7A9BE1B7B706}.Release|x64.ActiveCfg = Release|x64
		{4F039DFD-DD30-4CB0-BC89-7A9BE1B7B706}.Release|x64.Build.0 = Release|x64
		{4F039DFD-DD30-4CB0-BC89-7A9BE1B7B706}.Release|x86.ActiveCfg = Release|Win32
		{4F039DFD-DD30-4CB0-BC89-7A9BE1B7B706}.Release|x86.Build.0 = Release|Win32
		{DD1A8DF7-238E-4392-B530-96BEC3385736}.Debug|x64.ActiveCfg = Debug|x64
		{DD1A8DF7-238E-4392-B530-96BEC3385736}.Debug|x64.Build.0 = Debug|x64
		{DD1A8DF7-238E-4392-B530-96BEC3385736}.Debug|x86.ActiveCfg = Debug|Win32
		{DD1A8DF7-238E-4392-B530-96BEC3385736}.Debug|x86.Build.0 = Debug|Win32
		{DD1A8DF7-238E-4392-B530-96BEC3385736}.Release|x64.ActiveCfg = Release|x64
		{DD1A8DF7-238E-4392-B530-96BEC3385736}.Release|x64.Build.0 = Release|x64
		{DD1A8DF7-238E-4392-B530-96BEC3385736}.Release|x86.ActiveCfg = Release|Win32
		{DD1A8DF7-238E-4392-B530-96BEC3385736}.Release|x86.Build.0 = Release|Win32
	EndGlobalSection
	GlobalSection(SolutionProperties) = preSolution
		HideSolutionNode = FALSE
	EndGlobalSection
EndGlobal
